
Microsoft Visual Studio Solution File, Format Version 12.00
# Visual Studio Version 17
VisualStudioVersion = 17.10.35122.118
MinimumVisualStudioVersion = 10.0.40219.1
Project("{FAE04EC0-301F-11D3-BF4B-00C04F79EFBC}") = "Struct_class_june_140824", "Struct_class_june_140824.csproj", "{6E5A912D-F214-4796-82D1-0FDB8EB28A00}"
EndProject
Global
	GlobalSection(SolutionConfigurationPlatforms) = preSolution
		Debug|Any CPU = Debug|Any CPU
		Release|Any CPU = Release|Any CPU
	EndGlobalSection
	GlobalSection(ProjectConfigurationPlatforms) = postSolution
		{6E5A912D-F214-4796-82D1-0FDB8EB28A00}.Debug|Any CPU.ActiveCfg = Debug|Any CPU
		{6E5A912D-F214-4796-82D1-0FDB8EB28A00}.Debug|Any CPU.Build.0 = Debug|Any CPU
		{6E5A912D-F214-4796-82D1-0FDB8EB28A00}.Release|Any CPU.ActiveCfg = Release|Any CPU
		{6E5A912D-F214-4796-82D1-0FDB8EB28A00}.Release|Any CPU.Build.0 = Release|Any CPU
	EndGlobalSection
	GlobalSection(SolutionProperties) = preSolution
		HideSolutionNode = FALSE
	EndGlobalSection
	GlobalSection(ExtensibilityGlobals) = postSolution
		SolutionGuid = {872965C2-5ACF-46B4-87A4-210F6977659C}
	EndGlobalSection
EndGlobal
